
Microsoft Visual Studio Solution File, Format Version 12.00
# Visual Studio Version 16
VisualStudioVersion = 16.0.29911.84
MinimumVisualStudioVersion = 10.0.40219.1
Project("{2150E333-8FDC-42A3-9474-1A3956D46DE8}") = "Infra.Bus", "Infra.Bus", "{CF57B1D5-E9CD-420C-B45C-309DBD7E132F}"
EndProject
Project("{2150E333-8FDC-42A3-9474-1A3956D46DE8}") = "Infra.IoC", "Infra.IoC", "{975A1557-D40A-4665-980D-0262F4668D3C}"
EndProject
Project("{2150E333-8FDC-42A3-9474-1A3956D46DE8}") = "Microservices", "Microservices", "{55D8671A-7B7B-4E35-909F-414ACFCD3D4A}"
EndProject
Project("{2150E333-8FDC-42A3-9474-1A3956D46DE8}") = "Presentation", "Presentation", "{308E6F03-A51E-4CD3-A2DC-AB286B8FE10D}"
EndProject
Project("{FAE04EC0-301F-11D3-BF4B-00C04F79EFBC}") = "App.Infra.Bus", "App.Infra.Bus\App.Infra.Bus.csproj", "{75509079-C7A6-4125-BC8E-952857D7FE0F}"
EndProject
Project("{FAE04EC0-301F-11D3-BF4B-00C04F79EFBC}") = "App.Infra.IoC", "App.Infra.IoC\App.Infra.IoC.csproj", "{B51A14F4-5965-4957-9CF0-385ED6979E22}"
EndProject
Project("{2150E333-8FDC-42A3-9474-1A3956D46DE8}") = "Banking", "Banking", "{89BFCF58-8FAE-43AD-96CD-C63F5082A535}"
EndProject
Project("{2150E333-8FDC-42A3-9474-1A3956D46DE8}") = "Transfer", "Transfer", "{14F89531-A1CC-4B3F-8ED4-DC76E55D127A}"
EndProject
Project("{2150E333-8FDC-42A3-9474-1A3956D46DE8}") = "Api", "Api", "{53EBFC5C-2AC1-4158-902F-8B81645D46E5}"
EndProject
Project("{2150E333-8FDC-42A3-9474-1A3956D46DE8}") = "Application", "Application", "{B8DCA599-5E52-4625-9AA1-19B5DF660E6A}"
EndProject
Project("{2150E333-8FDC-42A3-9474-1A3956D46DE8}") = "Data", "Data", "{29699CE0-7032-458A-8BD3-F8F5D887D9F8}"
EndProject
Project("{2150E333-8FDC-42A3-9474-1A3956D46DE8}") = "Domain", "Domain", "{D277774F-9A23-48BA-89EC-04987AD2C106}"
EndProject
Project("{FAE04EC0-301F-11D3-BF4B-00C04F79EFBC}") = "App.Banking.Api", "App.Banking.Api\App.Banking.Api.csproj", "{F48E0484-31DB-4501-BCD8-8132423B128F}"
EndProject
Project("{FAE04EC0-301F-11D3-BF4B-00C04F79EFBC}") = "App.Banking.Application", "App.Banking.Application\App.Banking.Application.csproj", "{8E530CA8-6560-4292-9108-3EA4D72E7B0A}"
EndProject
Project("{FAE04EC0-301F-11D3-BF4B-00C04F79EFBC}") = "App.Banking.Data", "App.Banking.Data\App.Banking.Data.csproj", "{10C464A1-75B3-44CF-BB38-D1305EB353E9}"
EndProject
Project("{9A19103F-16F7-4668-BE54-9A1E7A4F7556}") = "App.Banking.Domain", "App.Banking.Domain\App.Banking.Domain.csproj", "{EB3C516D-05A9-4A0A-A9F9-E834007D9F44}"
EndProject
Project("{2150E333-8FDC-42A3-9474-1A3956D46DE8}") = "Domain", "Domain", "{60DF1A40-9D5D-4518-8127-5F3D8612E534}"
EndProject
Project("{9A19103F-16F7-4668-BE54-9A1E7A4F7556}") = "App.Domain.Core", "App.Domain.Core\App.Domain.Core.csproj", "{FB8A3690-6A8F-47B4-A5A9-DB3E5D9DD487}"
EndProject
Global
	GlobalSection(SolutionConfigurationPlatforms) = preSolution
		Debug|Any CPU = Debug|Any CPU
		Release|Any CPU = Release|Any CPU
	EndGlobalSection
	GlobalSection(ProjectConfigurationPlatforms) = postSolution
		{75509079-C7A6-4125-BC8E-952857D7FE0F}.Debug|Any CPU.ActiveCfg = Debug|Any CPU
		{75509079-C7A6-4125-BC8E-952857D7FE0F}.Debug|Any CPU.Build.0 = Debug|Any CPU
		{75509079-C7A6-4125-BC8E-952857D7FE0F}.Release|Any CPU.ActiveCfg = Release|Any CPU
		{75509079-C7A6-4125-BC8E-952857D7FE0F}.Release|Any CPU.Build.0 = Release|Any CPU
		{B51A14F4-5965-4957-9CF0-385ED6979E22}.Debug|Any CPU.ActiveCfg = Debug|Any CPU
		{B51A14F4-5965-4957-9CF0-385ED6979E22}.Debug|Any CPU.Build.0 = Debug|Any CPU
		{B51A14F4-5965-4957-9CF0-385ED6979E22}.Release|Any CPU.ActiveCfg = Release|Any CPU
		{B51A14F4-5965-4957-9CF0-385ED6979E22}.Release|Any CPU.Build.0 = Release|Any CPU
		{F48E0484-31DB-4501-BCD8-8132423B128F}.Debug|Any CPU.ActiveCfg = Debug|Any CPU
		{F48E0484-31DB-4501-BCD8-8132423B128F}.Debug|Any CPU.Build.0 = Debug|Any CPU
		{F48E0484-31DB-4501-BCD8-8132423B128F}.Release|Any CPU.ActiveCfg = Release|Any CPU
		{F48E0484-31DB-4501-BCD8-8132423B128F}.Release|Any CPU.Build.0 = Release|Any CPU
		{8E530CA8-6560-4292-9108-3EA4D72E7B0A}.Debug|Any CPU.ActiveCfg = Debug|Any CPU
		{8E530CA8-6560-4292-9108-3EA4D72E7B0A}.Debug|Any CPU.Build.0 = Debug|Any CPU
		{8E530CA8-6560-4292-9108-3EA4D72E7B0A}.Release|Any CPU.ActiveCfg = Release|Any CPU
		{8E530CA8-6560-4292-9108-3EA4D72E7B0A}.Release|Any CPU.Build.0 = Release|Any CPU
		{10C464A1-75B3-44CF-BB38-D1305EB353E9}.Debug|Any CPU.ActiveCfg = Debug|Any CPU
		{10C464A1-75B3-44CF-BB38-D1305EB353E9}.Debug|Any CPU.Build.0 = Debug|Any CPU
		{10C464A1-75B3-44CF-BB38-D1305EB353E9}.Release|Any CPU.ActiveCfg = Release|Any CPU
		{10C464A1-75B3-44CF-BB38-D1305EB353E9}.Release|Any CPU.Build.0 = Release|Any CPU
		{EB3C516D-05A9-4A0A-A9F9-E834007D9F44}.Debug|Any CPU.ActiveCfg = Debug|Any CPU
		{EB3C516D-05A9-4A0A-A9F9-E834007D9F44}.Debug|Any CPU.Build.0 = Debug|Any CPU
		{EB3C516D-05A9-4A0A-A9F9-E834007D9F44}.Release|Any CPU.ActiveCfg = Release|Any CPU
		{EB3C516D-05A9-4A0A-A9F9-E834007D9F44}.Release|Any CPU.Build.0 = Release|Any CPU
		{FB8A3690-6A8F-47B4-A5A9-DB3E5D9DD487}.Debug|Any CPU.ActiveCfg = Debug|Any CPU
		{FB8A3690-6A8F-47B4-A5A9-DB3E5D9DD487}.Debug|Any CPU.Build.0 = Debug|Any CPU
		{FB8A3690-6A8F-47B4-A5A9-DB3E5D9DD487}.Release|Any CPU.ActiveCfg = Release|Any CPU
		{FB8A3690-6A8F-47B4-A5A9-DB3E5D9DD487}.Release|Any CPU.Build.0 = Release|Any CPU
	EndGlobalSection
	GlobalSection(SolutionProperties) = preSolution
		HideSolutionNode = FALSE
	EndGlobalSection
	GlobalSection(NestedProjects) = preSolution
		{75509079-C7A6-4125-BC8E-952857D7FE0F} = {CF57B1D5-E9CD-420C-B45C-309DBD7E132F}
		{B51A14F4-5965-4957-9CF0-385ED6979E22} = {975A1557-D40A-4665-980D-0262F4668D3C}
		{89BFCF58-8FAE-43AD-96CD-C63F5082A535} = {55D8671A-7B7B-4E35-909F-414ACFCD3D4A}
		{14F89531-A1CC-4B3F-8ED4-DC76E55D127A} = {55D8671A-7B7B-4E35-909F-414ACFCD3D4A}
		{53EBFC5C-2AC1-4158-902F-8B81645D46E5} = {89BFCF58-8FAE-43AD-96CD-C63F5082A535}
		{B8DCA599-5E52-4625-9AA1-19B5DF660E6A} = {89BFCF58-8FAE-43AD-96CD-C63F5082A535}
		{29699CE0-7032-458A-8BD3-F8F5D887D9F8} = {89BFCF58-8FAE-43AD-96CD-C63F5082A535}
		{D277774F-9A23-48BA-89EC-04987AD2C106} = {89BFCF58-8FAE-43AD-96CD-C63F5082A535}
		{F48E0484-31DB-4501-BCD8-8132423B128F} = {53EBFC5C-2AC1-4158-902F-8B81645D46E5}
		{8E530CA8-6560-4292-9108-3EA4D72E7B0A} = {B8DCA599-5E52-4625-9AA1-19B5DF660E6A}
		{10C464A1-75B3-44CF-BB38-D1305EB353E9} = {29699CE0-7032-458A-8BD3-F8F5D887D9F8}
		{EB3C516D-05A9-4A0A-A9F9-E834007D9F44} = {D277774F-9A23-48BA-89EC-04987AD2C106}
		{FB8A3690-6A8F-47B4-A5A9-DB3E5D9DD487} = {60DF1A40-9D5D-4518-8127-5F3D8612E534}
	EndGlobalSection
	GlobalSection(ExtensibilityGlobals) = postSolution
		SolutionGuid = {6D5B8720-2429-4B74-B701-1A050A125408}
	EndGlobalSection
EndGlobal
